
Microsoft Visual Studio Solution File, Format Version 12.00
# Visual Studio Version 17
VisualStudioVersion = 17.6.33829.357
MinimumVisualStudioVersion = 10.0.40219.1
Project("{FAE04EC0-301F-11D3-BF4B-00C04F79EFBC}") = "SFSMultiPlayer", "SFSMultiPlayer\SFSMultiPlayer.csproj", "{041A5037-8581-466B-9E49-B86C471391DD}"
EndProject
Global
	GlobalSection(SolutionConfigurationPlatforms) = preSolution
		Debug|Any CPU = Debug|Any CPU
		Release|Any CPU = Release|Any CPU
	EndGlobalSection
	GlobalSection(ProjectConfigurationPlatforms) = postSolution
		{041A5037-8581-466B-9E49-B86C471391DD}.Debug|Any CPU.ActiveCfg = Debug|Any CPU
		{041A5037-8581-466B-9E49-B86C471391DD}.Debug|Any CPU.Build.0 = Debug|Any CPU
		{041A5037-8581-466B-9E49-B86C471391DD}.Release|Any CPU.ActiveCfg = Release|Any CPU
		{041A5037-8581-466B-9E49-B86C471391DD}.Release|Any CPU.Build.0 = Release|Any CPU
	EndGlobalSection
	GlobalSection(SolutionProperties) = preSolution
		HideSolutionNode = FALSE
	EndGlobalSection
	GlobalSection(ExtensibilityGlobals) = postSolution
		SolutionGuid = {7D04B142-0CED-4161-8F35-1D554125FC28}
	EndGlobalSection
EndGlobal
